// !$*UTF8*$!
{
	archiveVersion = 1;
	classes = {
	};
	objectVersion = 46;
	objects = {

/* Begin PBXBuildFile section */
		6619862E1ED56FC300DCD722 /* Item.swift in Sources */ = {isa = PBXBuildFile; fileRef = 661986281ED56FC300DCD722 /* Item.swift */; };
		6619862F1ED56FC300DCD722 /* Meal.swift in Sources */ = {isa = PBXBuildFile; fileRef = 661986291ED56FC300DCD722 /* Meal.swift */; };
		661986301ED56FC300DCD722 /* ViewController.swift in Sources */ = {isa = PBXBuildFile; fileRef = 6619862B1ED56FC300DCD722 /* ViewController.swift */; };
		661986311ED56FC300DCD722 /* Main.storyboard in Resources */ = {isa = PBXBuildFile; fileRef = 6619862D1ED56FC300DCD722 /* Main.storyboard */; };
		6692B83A1ED16DB000AC4B06 /* AppDelegate.swift in Sources */ = {isa = PBXBuildFile; fileRef = 6692B8391ED16DB000AC4B06 /* AppDelegate.swift */; };
		6692B8411ED16DB000AC4B06 /* Assets.xcassets in Resources */ = {isa = PBXBuildFile; fileRef = 6692B8401ED16DB000AC4B06 /* Assets.xcassets */; };
		6692B84F1ED16DB000AC4B06 /* eggplant_brownieTests.swift in Sources */ = {isa = PBXBuildFile; fileRef = 6692B84E1ED16DB000AC4B06 /* eggplant_brownieTests.swift */; };
		6692B85A1ED16DB000AC4B06 /* eggplant_brownieUITests.swift in Sources */ = {isa = PBXBuildFile; fileRef = 6692B8591ED16DB000AC4B06 /* eggplant_brownieUITests.swift */; };
/* End PBXBuildFile section */

/* Begin PBXContainerItemProxy section */
		6692B84B1ED16DB000AC4B06 /* PBXContainerItemProxy */ = {
			isa = PBXContainerItemProxy;
			containerPortal = 6692B82E1ED16DB000AC4B06 /* Project object */;
			proxyType = 1;
			remoteGlobalIDString = 6692B8351ED16DB000AC4B06;
			remoteInfo = "eggplant-brownie";
		};
		6692B8561ED16DB000AC4B06 /* PBXContainerItemProxy */ = {
			isa = PBXContainerItemProxy;
			containerPortal = 6692B82E1ED16DB000AC4B06 /* Project object */;
			proxyType = 1;
			remoteGlobalIDString = 6692B8351ED16DB000AC4B06;
			remoteInfo = "eggplant-brownie";
		};
/* End PBXContainerItemProxy section */

/* Begin PBXFileReference section */
		661986281ED56FC300DCD722 /* Item.swift */ = {isa = PBXFileReference; fileEncoding = 4; lastKnownFileType = sourcecode.swift; path = Item.swift; sourceTree = "<group>"; };
		661986291ED56FC300DCD722 /* Meal.swift */ = {isa = PBXFileReference; fileEncoding = 4; lastKnownFileType = sourcecode.swift; path = Meal.swift; sourceTree = "<group>"; };
		6619862B1ED56FC300DCD722 /* ViewController.swift */ = {isa = PBXFileReference; fileEncoding = 4; lastKnownFileType = sourcecode.swift; path = ViewController.swift; sourceTree = "<group>"; };
		6619862D1ED56FC300DCD722 /* Main.storyboard */ = {isa = PBXFileReference; fileEncoding = 4; lastKnownFileType = file.storyboard; path = Main.storyboard; sourceTree = "<group>"; };
		6692B8361ED16DB000AC4B06 /* eggplant-brownie.app */ = {isa = PBXFileReference; explicitFileType = wrapper.application; includeInIndex = 0; path = "eggplant-brownie.app"; sourceTree = BUILT_PRODUCTS_DIR; };
		6692B8391ED16DB000AC4B06 /* AppDelegate.swift */ = {isa = PBXFileReference; lastKnownFileType = sourcecode.swift; path = AppDelegate.swift; sourceTree = "<group>"; };
		6692B8401ED16DB000AC4B06 /* Assets.xcassets */ = {isa = PBXFileReference; lastKnownFileType = folder.assetcatalog; path = Assets.xcassets; sourceTree = "<group>"; };
		6692B8451ED16DB000AC4B06 /* Info.plist */ = {isa = PBXFileReference; lastKnownFileType = text.plist.xml; path = Info.plist; sourceTree = "<group>"; };
		6692B84A1ED16DB000AC4B06 /* eggplant-brownieTests.xctest */ = {isa = PBXFileReference; explicitFileType = wrapper.cfbundle; includeInIndex = 0; path = "eggplant-brownieTests.xctest"; sourceTree = BUILT_PRODUCTS_DIR; };
		6692B84E1ED16DB000AC4B06 /* eggplant_brownieTests.swift */ = {isa = PBXFileReference; lastKnownFileType = sourcecode.swift; path = eggplant_brownieTests.swift; sourceTree = "<group>"; };
		6692B8501ED16DB000AC4B06 /* Info.plist */ = {isa = PBXFileReference; lastKnownFileType = text.plist.xml; path = Info.plist; sourceTree = "<group>"; };
		6692B8551ED16DB000AC4B06 /* eggplant-brownieUITests.xctest */ = {isa = PBXFileReference; explicitFileType = wrapper.cfbundle; includeInIndex = 0; path = "eggplant-brownieUITests.xctest"; sourceTree = BUILT_PRODUCTS_DIR; };
		6692B8591ED16DB000AC4B06 /* eggplant_brownieUITests.swift */ = {isa = PBXFileReference; lastKnownFileType = sourcecode.swift; path = eggplant_brownieUITests.swift; sourceTree = "<group>"; };
		6692B85B1ED16DB000AC4B06 /* Info.plist */ = {isa = PBXFileReference; lastKnownFileType = text.plist.xml; path = Info.plist; sourceTree = "<group>"; };
/* End PBXFileReference section */

/* Begin PBXFrameworksBuildPhase section */
		6692B8331ED16DB000AC4B06 /* Frameworks */ = {
			isa = PBXFrameworksBuildPhase;
			buildActionMask = 2147483647;
			files = (
			);
			runOnlyForDeploymentPostprocessing = 0;
		};
		6692B8471ED16DB000AC4B06 /* Frameworks */ = {
			isa = PBXFrameworksBuildPhase;
			buildActionMask = 2147483647;
			files = (
			);
			runOnlyForDeploymentPostprocessing = 0;
		};
		6692B8521ED16DB000AC4B06 /* Frameworks */ = {
			isa = PBXFrameworksBuildPhase;
			buildActionMask = 2147483647;
			files = (
			);
			runOnlyForDeploymentPostprocessing = 0;
		};
/* End PBXFrameworksBuildPhase section */

/* Begin PBXGroup section */
		661986271ED56FC300DCD722 /* models */ = {
			isa = PBXGroup;
			children = (
				661986281ED56FC300DCD722 /* Item.swift */,
				661986291ED56FC300DCD722 /* Meal.swift */,
			);
			path = models;
			sourceTree = "<group>";
		};
		6619862A1ED56FC300DCD722 /* viewcontrollers */ = {
			isa = PBXGroup;
			children = (
				6619862B1ED56FC300DCD722 /* ViewController.swift */,
			);
			path = viewcontrollers;
			sourceTree = "<group>";
		};
		6619862C1ED56FC300DCD722 /* views */ = {
			isa = PBXGroup;
			children = (
				6619862D1ED56FC300DCD722 /* Main.storyboard */,
			);
			path = views;
			sourceTree = "<group>";
		};
		6692B82D1ED16DB000AC4B06 = {
			isa = PBXGroup;
			children = (
				6692B8381ED16DB000AC4B06 /* eggplant-brownie */,
				6692B84D1ED16DB000AC4B06 /* eggplant-brownieTests */,
				6692B8581ED16DB000AC4B06 /* eggplant-brownieUITests */,
				6692B8371ED16DB000AC4B06 /* Products */,
			);
			sourceTree = "<group>";
		};
		6692B8371ED16DB000AC4B06 /* Products */ = {
			isa = PBXGroup;
			children = (
				6692B8361ED16DB000AC4B06 /* eggplant-brownie.app */,
				6692B84A1ED16DB000AC4B06 /* eggplant-brownieTests.xctest */,
				6692B8551ED16DB000AC4B06 /* eggplant-brownieUITests.xctest */,
			);
			name = Products;
			sourceTree = "<group>";
		};
		6692B8381ED16DB000AC4B06 /* eggplant-brownie */ = {
			isa = PBXGroup;
			children = (
				661986271ED56FC300DCD722 /* models */,
				6619862A1ED56FC300DCD722 /* viewcontrollers */,
				6619862C1ED56FC300DCD722 /* views */,
				6692B8391ED16DB000AC4B06 /* AppDelegate.swift */,
				6692B8401ED16DB000AC4B06 /* Assets.xcassets */,
				6692B8451ED16DB000AC4B06 /* Info.plist */,
			);
			path = "eggplant-brownie";
			sourceTree = "<group>";
		};
		6692B84D1ED16DB000AC4B06 /* eggplant-brownieTests */ = {
			isa = PBXGroup;
			children = (
				6692B84E1ED16DB000AC4B06 /* eggplant_brownieTests.swift */,
				6692B8501ED16DB000AC4B06 /* Info.plist */,
			);
			path = "eggplant-brownieTests";
			sourceTree = "<group>";
		};
		6692B8581ED16DB000AC4B06 /* eggplant-brownieUITests */ = {
			isa = PBXGroup;
			children = (
				6692B8591ED16DB000AC4B06 /* eggplant_brownieUITests.swift */,
				6692B85B1ED16DB000AC4B06 /* Info.plist */,
			);
			path = "eggplant-brownieUITests";
			sourceTree = "<group>";
		};
/* End PBXGroup section */

/* Begin PBXNativeTarget section */
		6692B8351ED16DB000AC4B06 /* eggplant-brownie */ = {
			isa = PBXNativeTarget;
			buildConfigurationList = 6692B85E1ED16DB000AC4B06 /* Build configuration list for PBXNativeTarget "eggplant-brownie" */;
			buildPhases = (
				6692B8321ED16DB000AC4B06 /* Sources */,
				6692B8331ED16DB000AC4B06 /* Frameworks */,
				6692B8341ED16DB000AC4B06 /* Resources */,
			);
			buildRules = (
			);
			dependencies = (
			);
			name = "eggplant-brownie";
			productName = "eggplant-brownie";
			productReference = 6692B8361ED16DB000AC4B06 /* eggplant-brownie.app */;
			productType = "com.apple.product-type.application";
		};
		6692B8491ED16DB000AC4B06 /* eggplant-brownieTests */ = {
			isa = PBXNativeTarget;
			buildConfigurationList = 6692B8611ED16DB000AC4B06 /* Build configuration list for PBXNativeTarget "eggplant-brownieTests" */;
			buildPhases = (
				6692B8461ED16DB000AC4B06 /* Sources */,
				6692B8471ED16DB000AC4B06 /* Frameworks */,
				6692B8481ED16DB000AC4B06 /* Resources */,
			);
			buildRules = (
			);
			dependencies = (
				6692B84C1ED16DB000AC4B06 /* PBXTargetDependency */,
			);
			name = "eggplant-brownieTests";
			productName = "eggplant-brownieTests";
			productReference = 6692B84A1ED16DB000AC4B06 /* eggplant-brownieTests.xctest */;
			productType = "com.apple.product-type.bundle.unit-test";
		};
		6692B8541ED16DB000AC4B06 /* eggplant-brownieUITests */ = {
			isa = PBXNativeTarget;
			buildConfigurationList = 6692B8641ED16DB000AC4B06 /* Build configuration list for PBXNativeTarget "eggplant-brownieUITests" */;
			buildPhases = (
				6692B8511ED16DB000AC4B06 /* Sources */,
				6692B8521ED16DB000AC4B06 /* Frameworks */,
				6692B8531ED16DB000AC4B06 /* Resources */,
			);
			buildRules = (
			);
			dependencies = (
				6692B8571ED16DB000AC4B06 /* PBXTargetDependency */,
			);
			name = "eggplant-brownieUITests";
			productName = "eggplant-brownieUITests";
			productReference = 6692B8551ED16DB000AC4B06 /* eggplant-brownieUITests.xctest */;
			productType = "com.apple.product-type.bundle.ui-testing";
		};
/* End PBXNativeTarget section */

/* Begin PBXProject section */
		6692B82E1ED16DB000AC4B06 /* Project object */ = {
			isa = PBXProject;
			attributes = {
				LastSwiftUpdateCheck = 0830;
				LastUpgradeCheck = 0830;
				ORGANIZATIONNAME = "Izael Effemberg da Costa";
				TargetAttributes = {
					6692B8351ED16DB000AC4B06 = {
						CreatedOnToolsVersion = 8.3.2;
						ProvisioningStyle = Automatic;
					};
					6692B8491ED16DB000AC4B06 = {
						CreatedOnToolsVersion = 8.3.2;
						ProvisioningStyle = Automatic;
						TestTargetID = 6692B8351ED16DB000AC4B06;
					};
					6692B8541ED16DB000AC4B06 = {
						CreatedOnToolsVersion = 8.3.2;
						ProvisioningStyle = Automatic;
						TestTargetID = 6692B8351ED16DB000AC4B06;
					};
				};
			};
			buildConfigurationList = 6692B8311ED16DB000AC4B06 /* Build configuration list for PBXProject "eggplant-brownie" */;
			compatibilityVersion = "Xcode 3.2";
			developmentRegion = English;
			hasScannedForEncodings = 0;
			knownRegions = (
				en,
				Base,
			);
			mainGroup = 6692B82D1ED16DB000AC4B06;
			productRefGroup = 6692B8371ED16DB000AC4B06 /* Products */;
			projectDirPath = "";
			projectRoot = "";
			targets = (
				6692B8351ED16DB000AC4B06 /* eggplant-brownie */,
				6692B8491ED16DB000AC4B06 /* eggplant-brownieTests */,
				6692B8541ED16DB000AC4B06 /* eggplant-brownieUITests */,
			);
		};
/* End PBXProject section */

/* Begin PBXResourcesBuildPhase section */
		6692B8341ED16DB000AC4B06 /* Resources */ = {
			isa = PBXResourcesBuildPhase;
			buildActionMask = 2147483647;
			files = (
				6692B8411ED16DB000AC4B06 /* Assets.xcassets in Resources */,
				661986311ED56FC300DCD722 /* Main.storyboard in Resources */,
			);
			runOnlyForDeploymentPostprocessing = 0;
		};
		6692B8481ED16DB000AC4B06 /* Resources */ = {
			isa = PBXResourcesBuildPhase;
			buildActionMask = 2147483647;
			files = (
			);
			runOnlyForDeploymentPostprocessing = 0;
		};
		6692B8531ED16DB000AC4B06 /* Resources */ = {
			isa = PBXResourcesBuildPhase;
			buildActionMask = 2147483647;
			files = (
			);
			runOnlyForDeploymentPostprocessing = 0;
		};
/* End PBXResourcesBuildPhase section */

/* Begin PBXSourcesBuildPhase section */
		6692B8321ED16DB000AC4B06 /* Sources */ = {
			isa = PBXSourcesBuildPhase;
			buildActionMask = 2147483647;
			files = (
				6619862E1ED56FC300DCD722 /* Item.swift in Sources */,
				6619862F1ED56FC300DCD722 /* Meal.swift in Sources */,
				661986301ED56FC300DCD722 /* ViewController.swift in Sources */,
				6692B83A1ED16DB000AC4B06 /* AppDelegate.swift in Sources */,
			);
			runOnlyForDeploymentPostprocessing = 0;
		};
		6692B8461ED16DB000AC4B06 /* Sources */ = {
			isa = PBXSourcesBuildPhase;
			buildActionMask = 2147483647;
			files = (
				6692B84F1ED16DB000AC4B06 /* eggplant_brownieTests.swift in Sources */,
			);
			runOnlyForDeploymentPostprocessing = 0;
		};
		6692B8511ED16DB000AC4B06 /* Sources */ = {
			isa = PBXSourcesBuildPhase;
			buildActionMask = 2147483647;
			files = (
				6692B85A1ED16DB000AC4B06 /* eggplant_brownieUITests.swift in Sources */,
			);
			runOnlyForDeploymentPostprocessing = 0;
		};
/* End PBXSourcesBuildPhase section */

/* Begin PBXTargetDependency section */
		6692B84C1ED16DB000AC4B06 /* PBXTargetDependency */ = {
			isa = PBXTargetDependency;
			target = 6692B8351ED16DB000AC4B06 /* eggplant-brownie */;
			targetProxy = 6692B84B1ED16DB000AC4B06 /* PBXContainerItemProxy */;
		};
		6692B8571ED16DB000AC4B06 /* PBXTargetDependency */ = {
			isa = PBXTargetDependency;
			target = 6692B8351ED16DB000AC4B06 /* eggplant-brownie */;
			targetProxy = 6692B8561ED16DB000AC4B06 /* PBXContainerItemProxy */;
		};
/* End PBXTargetDependency section */

/* Begin XCBuildConfiguration section */
		6692B85C1ED16DB000AC4B06 /* Debug */ = {
			isa = XCBuildConfiguration;
			buildSettings = {
				ALWAYS_SEARCH_USER_PATHS = NO;
				CLANG_ANALYZER_NONNULL = YES;
				CLANG_ANALYZER_NUMBER_OBJECT_CONVERSION = YES_AGGRESSIVE;
				CLANG_CXX_LANGUAGE_STANDARD = "gnu++0x";
				CLANG_CXX_LIBRARY = "libc++";
				CLANG_ENABLE_MODULES = YES;
				CLANG_ENABLE_OBJC_ARC = YES;
				CLANG_WARN_BOOL_CONVERSION = YES;
				CLANG_WARN_CONSTANT_CONVERSION = YES;
				CLANG_WARN_DIRECT_OBJC_ISA_USAGE = YES_ERROR;
				CLANG_WARN_DOCUMENTATION_COMMENTS = YES;
				CLANG_WARN_EMPTY_BODY = YES;
				CLANG_WARN_ENUM_CONVERSION = YES;
				CLANG_WARN_INFINITE_RECURSION = YES;
				CLANG_WARN_INT_CONVERSION = YES;
				CLANG_WARN_OBJC_ROOT_CLASS = YES_ERROR;
				CLANG_WARN_SUSPICIOUS_MOVE = YES;
				CLANG_WARN_UNREACHABLE_CODE = YES;
				CLANG_WARN__DUPLICATE_METHOD_MATCH = YES;
				"CODE_SIGN_IDENTITY[sdk=iphoneos*]" = "iPhone Developer";
				COPY_PHASE_STRIP = NO;
				DEBUG_INFORMATION_FORMAT = dwarf;
				ENABLE_STRICT_OBJC_MSGSEND = YES;
				ENABLE_TESTABILITY = YES;
				GCC_C_LANGUAGE_STANDARD = gnu99;
				GCC_DYNAMIC_NO_PIC = NO;
				GCC_NO_COMMON_BLOCKS = YES;
				GCC_OPTIMIZATION_LEVEL = 0;
				GCC_PREPROCESSOR_DEFINITIONS = (
					"DEBUG=1",
					"$(inherited)",
				);
				GCC_WARN_64_TO_32_BIT_CONVERSION = YES;
				GCC_WARN_ABOUT_RETURN_TYPE = YES_ERROR;
				GCC_WARN_UNDECLARED_SELECTOR = YES;
				GCC_WARN_UNINITIALIZED_AUTOS = YES_AGGRESSIVE;
				GCC_WARN_UNUSED_FUNCTION = YES;
				GCC_WARN_UNUSED_VARIABLE = YES;
				IPHONEOS_DEPLOYMENT_TARGET = 10.3;
				MTL_ENABLE_DEBUG_INFO = YES;
				ONLY_ACTIVE_ARCH = YES;
				SDKROOT = iphoneos;
				SWIFT_ACTIVE_COMPILATION_CONDITIONS = DEBUG;
				SWIFT_OPTIMIZATION_LEVEL = "-Onone";
			};
			name = Debug;
		};
		6692B85D1ED16DB000AC4B06 /* Release */ = {
			isa = XCBuildConfiguration;
			buildSettings = {
				ALWAYS_SEARCH_USER_PATHS = NO;
				CLANG_ANALYZER_NONNULL = YES;
				CLANG_ANALYZER_NUMBER_OBJECT_CONVERSION = YES_AGGRESSIVE;
				CLANG_CXX_LANGUAGE_STANDARD = "gnu++0x";
				CLANG_CXX_LIBRARY = "libc++";
				CLANG_ENABLE_MODULES = YES;
				CLANG_ENABLE_OBJC_ARC = YES;
				CLANG_WARN_BOOL_CONVERSION = YES;
				CLANG_WARN_CONSTANT_CONVERSION = YES;
				CLANG_WARN_DIRECT_OBJC_ISA_USAGE = YES_ERROR;
				CLANG_WARN_DOCUMENTATION_COMMENTS = YES;
				CLANG_WARN_EMPTY_BODY = YES;
				CLANG_WARN_ENUM_CONVERSION = YES;
				CLANG_WARN_INFINITE_RECURSION = YES;
				CLANG_WARN_INT_CONVERSION = YES;
				CLANG_WARN_OBJC_ROOT_CLASS = YES_ERROR;
				CLANG_WARN_SUSPICIOUS_MOVE = YES;
				CLANG_WARN_UNREACHABLE_CODE = YES;
				CLANG_WARN__DUPLICATE_METHOD_MATCH = YES;
				"CODE_SIGN_IDENTITY[sdk=iphoneos*]" = "iPhone Developer";
				COPY_PHASE_STRIP = NO;
				DEBUG_INFORMATION_FORMAT = "dwarf-with-dsym";
				ENABLE_NS_ASSERTIONS = NO;
				ENABLE_STRICT_OBJC_MSGSEND = YES;
				GCC_C_LANGUAGE_STANDARD = gnu99;
				GCC_NO_COMMON_BLOCKS = YES;
				GCC_WARN_64_TO_32_BIT_CONVERSION = YES;
				GCC_WARN_ABOUT_RETURN_TYPE = YES_ERROR;
				GCC_WARN_UNDECLARED_SELECTOR = YES;
				GCC_WARN_UNINITIALIZED_AUTOS = YES_AGGRESSIVE;
				GCC_WARN_UNUSED_FUNCTION = YES;
				GCC_WARN_UNUSED_VARIABLE = YES;
				IPHONEOS_DEPLOYMENT_TARGET = 10.3;
				MTL_ENABLE_DEBUG_INFO = NO;
				SDKROOT = iphoneos;
				SWIFT_OPTIMIZATION_LEVEL = "-Owholemodule";
				VALIDATE_PRODUCT = YES;
			};
			name = Release;
		};
		6692B85F1ED16DB000AC4B06 /* Debug */ = {
			isa = XCBuildConfiguration;
			buildSettings = {
				ASSETCATALOG_COMPILER_APPICON_NAME = AppIcon;
				INFOPLIST_FILE = "eggplant-brownie/Info.plist";
				LD_RUNPATH_SEARCH_PATHS = "$(inherited) @executable_path/Frameworks";
				PRODUCT_BUNDLE_IDENTIFIER = "br.com.eggplant-brownie";
				PRODUCT_NAME = "$(TARGET_NAME)";
				SWIFT_VERSION = 3.0;
			};
			name = Debug;
		};
		6692B8601ED16DB000AC4B06 /* Release */ = {
			isa = XCBuildConfiguration;
			buildSettings = {
				ASSETCATALOG_COMPILER_APPICON_NAME = AppIcon;
				INFOPLIST_FILE = "eggplant-brownie/Info.plist";
				LD_RUNPATH_SEARCH_PATHS = "$(inherited) @executable_path/Frameworks";
				PRODUCT_BUNDLE_IDENTIFIER = "br.com.eggplant-brownie";
				PRODUCT_NAME = "$(TARGET_NAME)";
				SWIFT_VERSION = 3.0;
			};
			name = Release;
		};
		6692B8621ED16DB000AC4B06 /* Debug */ = {
			isa = XCBuildConfiguration;
			buildSettings = {
				ALWAYS_EMBED_SWIFT_STANDARD_LIBRARIES = YES;
				BUNDLE_LOADER = "$(TEST_HOST)";
				INFOPLIST_FILE = "eggplant-brownieTests/Info.plist";
				LD_RUNPATH_SEARCH_PATHS = "$(inherited) @executable_path/Frameworks @loader_path/Frameworks";
				PRODUCT_BUNDLE_IDENTIFIER = "br.com.eggplant-brownieTests";
				PRODUCT_NAME = "$(TARGET_NAME)";
				SWIFT_VERSION = 3.0;
				TEST_HOST = "$(BUILT_PRODUCTS_DIR)/eggplant-brownie.app/eggplant-brownie";
			};
			name = Debug;
		};
		6692B8631ED16DB000AC4B06 /* Release */ = {
			isa = XCBuildConfiguration;
			buildSettings = {
				ALWAYS_EMBED_SWIFT_STANDARD_LIBRARIES = YES;
				BUNDLE_LOADER = "$(TEST_HOST)";
				INFOPLIST_FILE = "eggplant-brownieTests/Info.plist";
				LD_RUNPATH_SEARCH_PATHS = "$(inherited) @executable_path/Frameworks @loader_path/Frameworks";
				PRODUCT_BUNDLE_IDENTIFIER = "br.com.eggplant-brownieTests";
				PRODUCT_NAME = "$(TARGET_NAME)";
				SWIFT_VERSION = 3.0;
				TEST_HOST = "$(BUILT_PRODUCTS_DIR)/eggplant-brownie.app/eggplant-brownie";
			};
			name = Release;
		};
		6692B8651ED16DB000AC4B06 /* Debug */ = {
			isa = XCBuildConfiguration;
			buildSettings = {
				ALWAYS_EMBED_SWIFT_STANDARD_LIBRARIES = YES;
				INFOPLIST_FILE = "eggplant-brownieUITests/Info.plist";
				LD_RUNPATH_SEARCH_PATHS = "$(inherited) @executable_path/Frameworks @loader_path/Frameworks";
				PRODUCT_BUNDLE_IDENTIFIER = "br.com.eggplant-brownieUITests";
				PRODUCT_NAME = "$(TARGET_NAME)";
				SWIFT_VERSION = 3.0;
				TEST_TARGET_NAME = "eggplant-brownie";
			};
			name = Debug;
		};
		6692B8661ED16DB000AC4B06 /* Release */ = {
			isa = XCBuildConfiguration;
			buildSettings = {
				ALWAYS_EMBED_SWIFT_STANDARD_LIBRARIES = YES;
				INFOPLIST_FILE = "eggplant-brownieUITests/Info.plist";
				LD_RUNPATH_SEARCH_PATHS = "$(inherited) @executable_path/Frameworks @loader_path/Frameworks";
				PRODUCT_BUNDLE_IDENTIFIER = "br.com.eggplant-brownieUITests";
				PRODUCT_NAME = "$(TARGET_NAME)";
				SWIFT_VERSION = 3.0;
				TEST_TARGET_NAME = "eggplant-brownie";
			};
			name = Release;
		};
/* End XCBuildConfiguration section */

/* Begin XCConfigurationList section */
		6692B8311ED16DB000AC4B06 /* Build configuration list for PBXProject "eggplant-brownie" */ = {
			isa = XCConfigurationList;
			buildConfigurations = (
				6692B85C1ED16DB000AC4B06 /* Debug */,
				6692B85D1ED16DB000AC4B06 /* Release */,
			);
			defaultConfigurationIsVisible = 0;
			defaultConfigurationName = Release;
		};
		6692B85E1ED16DB000AC4B06 /* Build configuration list for PBXNativeTarget "eggplant-brownie" */ = {
			isa = XCConfigurationList;
			buildConfigurations = (
				6692B85F1ED16DB000AC4B06 /* Debug */,
				6692B8601ED16DB000AC4B06 /* Release */,
			);
			defaultConfigurationIsVisible = 0;
			defaultConfigurationName = Release;
		};
		6692B8611ED16DB000AC4B06 /* Build configuration list for PBXNativeTarget "eggplant-brownieTests" */ = {
			isa = XCConfigurationList;
			buildConfigurations = (
				6692B8621ED16DB000AC4B06 /* Debug */,
				6692B8631ED16DB000AC4B06 /* Release */,
			);
			defaultConfigurationIsVisible = 0;
			defaultConfigurationName = Release;
		};
		6692B8641ED16DB000AC4B06 /* Build configuration list for PBXNativeTarget "eggplant-brownieUITests" */ = {
			isa = XCConfigurationList;
			buildConfigurations = (
				6692B8651ED16DB000AC4B06 /* Debug */,
				6692B8661ED16DB000AC4B06 /* Release */,
			);
			defaultConfigurationIsVisible = 0;
			defaultConfigurationName = Release;
		};
/* End XCConfigurationList section */
	};
	rootObject = 6692B82E1ED16DB000AC4B06 /* Project object */;
}
